
Microsoft Visual Studio Solution File, Format Version 12.00
# Visual Studio Version 17
VisualStudioVersion = 17.7.34031.279
MinimumVisualStudioVersion = 10.0.40219.1
Project("{8BC9CEB8-8B4A-11D0-8D11-00A0C91BC942}") = "mid big homework", "mid big homework.vcxproj", "{D80C5575-1DC1-412A-8BFC-12FF2AC4D1DD}"
EndProject
Global
	GlobalSection(SolutionConfigurationPlatforms) = preSolution
		Debug|x64 = Debug|x64
		Debug|x86 = Debug|x86
		Release|x64 = Release|x64
		Release|x86 = Release|x86
	EndGlobalSection
	GlobalSection(ProjectConfigurationPlatforms) = postSolution
		{D80C5575-1DC1-412A-8BFC-12FF2AC4D1DD}.Debug|x64.ActiveCfg = Debug|x64
		{D80C5575-1DC1-412A-8BFC-12FF2AC4D1DD}.Debug|x64.Build.0 = Debug|x64
		{D80C5575-1DC1-412A-8BFC-12FF2AC4D1DD}.Debug|x86.ActiveCfg = Debug|Win32
		{D80C5575-1DC1-412A-8BFC-12FF2AC4D1DD}.Debug|x86.Build.0 = Debug|Win32
		{D80C5575-1DC1-412A-8BFC-12FF2AC4D1DD}.Release|x64.ActiveCfg = Release|x64
		{D80C5575-1DC1-412A-8BFC-12FF2AC4D1DD}.Release|x64.Build.0 = Release|x64
		{D80C5575-1DC1-412A-8BFC-12FF2AC4D1DD}.Release|x86.ActiveCfg = Release|Win32
		{D80C5575-1DC1-412A-8BFC-12FF2AC4D1DD}.Release|x86.Build.0 = Release|Win32
	EndGlobalSection
	GlobalSection(SolutionProperties) = preSolution
		HideSolutionNode = FALSE
	EndGlobalSection
	GlobalSection(ExtensibilityGlobals) = postSolution
		SolutionGuid = {5CBAB5BF-33A7-41AF-BE74-D28AF117DD9E}
	EndGlobalSection
EndGlobal
